// !$*UTF8*$!
{
	archiveVersion = 1;
	classes = {
	};
	objectVersion = 77;
	objects = {

/* Begin PBXContainerItemProxy section */
		DBC1EC052CEC2BCC00A8F972 /* PBXContainerItemProxy */ = {
			isa = PBXContainerItemProxy;
			containerPortal = DBC1EBEC2CEC2BCB00A8F972 /* Project object */;
			proxyType = 1;
			remoteGlobalIDString = DBC1EBF32CEC2BCB00A8F972;
			remoteInfo = matule;
		};
		DBC1EC0F2CEC2BCC00A8F972 /* PBXContainerItemProxy */ = {
			isa = PBXContainerItemProxy;
			containerPortal = DBC1EBEC2CEC2BCB00A8F972 /* Project object */;
			proxyType = 1;
			remoteGlobalIDString = DBC1EBF32CEC2BCB00A8F972;
			remoteInfo = matule;
		};
/* End PBXContainerItemProxy section */

/* Begin PBXFileReference section */
		DBC1EBF42CEC2BCB00A8F972 /* matule.app */ = {isa = PBXFileReference; explicitFileType = wrapper.application; includeInIndex = 0; path = matule.app; sourceTree = BUILT_PRODUCTS_DIR; };
		DBC1EC042CEC2BCC00A8F972 /* matuleTests.xctest */ = {isa = PBXFileReference; explicitFileType = wrapper.cfbundle; includeInIndex = 0; path = matuleTests.xctest; sourceTree = BUILT_PRODUCTS_DIR; };
		DBC1EC0E2CEC2BCC00A8F972 /* matuleUITests.xctest */ = {isa = PBXFileReference; explicitFileType = wrapper.cfbundle; includeInIndex = 0; path = matuleUITests.xctest; sourceTree = BUILT_PRODUCTS_DIR; };
/* End PBXFileReference section */

/* Begin PBXFileSystemSynchronizedBuildFileExceptionSet section */
		DB28BDE22CEC2E0E002A1C04 /* Exceptions for "matule" folder in "matule" target */ = {
			isa = PBXFileSystemSynchronizedBuildFileExceptionSet;
			membershipExceptions = (
				Resources/Info.plist,
			);
			target = DBC1EBF32CEC2BCB00A8F972 /* matule */;
		};
/* End PBXFileSystemSynchronizedBuildFileExceptionSet section */

/* Begin PBXFileSystemSynchronizedRootGroup section */
		DBC1EBF62CEC2BCB00A8F972 /* matule */ = {
			isa = PBXFileSystemSynchronizedRootGroup;
			exceptions = (
				DB28BDE22CEC2E0E002A1C04 /* Exceptions for "matule" folder in "matule" target */,
			);
			path = matule;
			sourceTree = "<group>";
		};
		DBC1EC072CEC2BCC00A8F972 /* matuleTests */ = {
			isa = PBXFileSystemSynchronizedRootGroup;
			path = matuleTests;
			sourceTree = "<group>";
		};
		DBC1EC112CEC2BCC00A8F972 /* matuleUITests */ = {
			isa = PBXFileSystemSynchronizedRootGroup;
			path = matuleUITests;
			sourceTree = "<group>";
		};
/* End PBXFileSystemSynchronizedRootGroup section */

/* Begin PBXFrameworksBuildPhase section */
		DBC1EBF12CEC2BCB00A8F972 /* Frameworks */ = {
			isa = PBXFrameworksBuildPhase;
			buildActionMask = 2147483647;
			files = (
			);
			runOnlyForDeploymentPostprocessing = 0;
		};
		DBC1EC012CEC2BCC00A8F972 /* Frameworks */ = {
			isa = PBXFrameworksBuildPhase;
			buildActionMask = 2147483647;
			files = (
			);
			runOnlyForDeploymentPostprocessing = 0;
		};
		DBC1EC0B2CEC2BCC00A8F972 /* Frameworks */ = {
			isa = PBXFrameworksBuildPhase;
			buildActionMask = 2147483647;
			files = (
			);
			runOnlyForDeploymentPostprocessing = 0;
		};
/* End PBXFrameworksBuildPhase section */

/* Begin PBXGroup section */
		DBC1EBEB2CEC2BCB00A8F972 = {
			isa = PBXGroup;
			children = (
				DBC1EBF62CEC2BCB00A8F972 /* matule */,
				DBC1EC072CEC2BCC00A8F972 /* matuleTests */,
				DBC1EC112CEC2BCC00A8F972 /* matuleUITests */,
				DBC1EBF52CEC2BCB00A8F972 /* Products */,
			);
			sourceTree = "<group>";
		};
		DBC1EBF52CEC2BCB00A8F972 /* Products */ = {
			isa = PBXGroup;
			children = (
				DBC1EBF42CEC2BCB00A8F972 /* matule.app */,
				DBC1EC042CEC2BCC00A8F972 /* matuleTests.xctest */,
				DBC1EC0E2CEC2BCC00A8F972 /* matuleUITests.xctest */,
			);
			name = Products;
			sourceTree = "<group>";
		};
/* End PBXGroup section */

/* Begin PBXNativeTarget section */
		DBC1EBF32CEC2BCB00A8F972 /* matule */ = {
			isa = PBXNativeTarget;
			buildConfigurationList = DBC1EC182CEC2BCC00A8F972 /* Build configuration list for PBXNativeTarget "matule" */;
			buildPhases = (
				DBC1EBF02CEC2BCB00A8F972 /* Sources */,
				DBC1EBF12CEC2BCB00A8F972 /* Frameworks */,
				DBC1EBF22CEC2BCB00A8F972 /* Resources */,
			);
			buildRules = (
			);
			dependencies = (
			);
			fileSystemSynchronizedGroups = (
				DBC1EBF62CEC2BCB00A8F972 /* matule */,
			);
			name = matule;
			packageProductDependencies = (
			);
			productName = matule;
			productReference = DBC1EBF42CEC2BCB00A8F972 /* matule.app */;
			productType = "com.apple.product-type.application";
		};
		DBC1EC032CEC2BCC00A8F972 /* matuleTests */ = {
			isa = PBXNativeTarget;
			buildConfigurationList = DBC1EC1B2CEC2BCC00A8F972 /* Build configuration list for PBXNativeTarget "matuleTests" */;
			buildPhases = (
				DBC1EC002CEC2BCC00A8F972 /* Sources */,
				DBC1EC012CEC2BCC00A8F972 /* Frameworks */,
				DBC1EC022CEC2BCC00A8F972 /* Resources */,
			);
			buildRules = (
			);
			dependencies = (
				DBC1EC062CEC2BCC00A8F972 /* PBXTargetDependency */,
			);
			fileSystemSynchronizedGroups = (
				DBC1EC072CEC2BCC00A8F972 /* matuleTests */,
			);
			name = matuleTests;
			packageProductDependencies = (
			);
			productName = matuleTests;
			productReference = DBC1EC042CEC2BCC00A8F972 /* matuleTests.xctest */;
			productType = "com.apple.product-type.bundle.unit-test";
		};
		DBC1EC0D2CEC2BCC00A8F972 /* matuleUITests */ = {
			isa = PBXNativeTarget;
			buildConfigurationList = DBC1EC1E2CEC2BCC00A8F972 /* Build configuration list for PBXNativeTarget "matuleUITests" */;
			buildPhases = (
				DBC1EC0A2CEC2BCC00A8F972 /* Sources */,
				DBC1EC0B2CEC2BCC00A8F972 /* Frameworks */,
				DBC1EC0C2CEC2BCC00A8F972 /* Resources */,
			);
			buildRules = (
			);
			dependencies = (
				DBC1EC102CEC2BCC00A8F972 /* PBXTargetDependency */,
			);
			fileSystemSynchronizedGroups = (
				DBC1EC112CEC2BCC00A8F972 /* matuleUITests */,
			);
			name = matuleUITests;
			packageProductDependencies = (
			);
			productName = matuleUITests;
			productReference = DBC1EC0E2CEC2BCC00A8F972 /* matuleUITests.xctest */;
			productType = "com.apple.product-type.bundle.ui-testing";
		};
/* End PBXNativeTarget section */

/* Begin PBXProject section */
		DBC1EBEC2CEC2BCB00A8F972 /* Project object */ = {
			isa = PBXProject;
			attributes = {
				BuildIndependentTargetsInParallel = 1;
				LastSwiftUpdateCheck = 1610;
				LastUpgradeCheck = 1610;
				TargetAttributes = {
					DBC1EBF32CEC2BCB00A8F972 = {
						CreatedOnToolsVersion = 16.1;
					};
					DBC1EC032CEC2BCC00A8F972 = {
						CreatedOnToolsVersion = 16.1;
						TestTargetID = DBC1EBF32CEC2BCB00A8F972;
					};
					DBC1EC0D2CEC2BCC00A8F972 = {
						CreatedOnToolsVersion = 16.1;
						TestTargetID = DBC1EBF32CEC2BCB00A8F972;
					};
				};
			};
			buildConfigurationList = DBC1EBEF2CEC2BCB00A8F972 /* Build configuration list for PBXProject "matule" */;
			developmentRegion = en;
			hasScannedForEncodings = 0;
			knownRegions = (
				en,
				Base,
			);
			mainGroup = DBC1EBEB2CEC2BCB00A8F972;
			minimizedProjectReferenceProxies = 1;
			preferredProjectObjectVersion = 77;
			productRefGroup = DBC1EBF52CEC2BCB00A8F972 /* Products */;
			projectDirPath = "";
			projectRoot = "";
			targets = (
				DBC1EBF32CEC2BCB00A8F972 /* matule */,
				DBC1EC032CEC2BCC00A8F972 /* matuleTests */,
				DBC1EC0D2CEC2BCC00A8F972 /* matuleUITests */,
			);
		};
/* End PBXProject section */

/* Begin PBXResourcesBuildPhase section */
		DBC1EBF22CEC2BCB00A8F972 /* Resources */ = {
			isa = PBXResourcesBuildPhase;
			buildActionMask = 2147483647;
			files = (
			);
			runOnlyForDeploymentPostprocessing = 0;
		};
		DBC1EC022CEC2BCC00A8F972 /* Resources */ = {
			isa = PBXResourcesBuildPhase;
			buildActionMask = 2147483647;
			files = (
			);
			runOnlyForDeploymentPostprocessing = 0;
		};
		DBC1EC0C2CEC2BCC00A8F972 /* Resources */ = {
			isa = PBXResourcesBuildPhase;
			buildActionMask = 2147483647;
			files = (
			);
			runOnlyForDeploymentPostprocessing = 0;
		};
/* End PBXResourcesBuildPhase section */

/* Begin PBXSourcesBuildPhase section */
		DBC1EBF02CEC2BCB00A8F972 /* Sources */ = {
			isa = PBXSourcesBuildPhase;
			buildActionMask = 2147483647;
			files = (
			);
			runOnlyForDeploymentPostprocessing = 0;
		};
		DBC1EC002CEC2BCC00A8F972 /* Sources */ = {
			isa = PBXSourcesBuildPhase;
			buildActionMask = 2147483647;
			files = (
			);
			runOnlyForDeploymentPostprocessing = 0;
		};
		DBC1EC0A2CEC2BCC00A8F972 /* Sources */ = {
			isa = PBXSourcesBuildPhase;
			buildActionMask = 2147483647;
			files = (
			);
			runOnlyForDeploymentPostprocessing = 0;
		};
/* End PBXSourcesBuildPhase section */

/* Begin PBXTargetDependency section */
		DBC1EC062CEC2BCC00A8F972 /* PBXTargetDependency */ = {
			isa = PBXTargetDependency;
			target = DBC1EBF32CEC2BCB00A8F972 /* matule */;
			targetProxy = DBC1EC052CEC2BCC00A8F972 /* PBXContainerItemProxy */;
		};
		DBC1EC102CEC2BCC00A8F972 /* PBXTargetDependency */ = {
			isa = PBXTargetDependency;
			target = DBC1EBF32CEC2BCB00A8F972 /* matule */;
			targetProxy = DBC1EC0F2CEC2BCC00A8F972 /* PBXContainerItemProxy */;
		};
/* End PBXTargetDependency section */

/* Begin XCBuildConfiguration section */
		DBC1EC162CEC2BCC00A8F972 /* Debug */ = {
			isa = XCBuildConfiguration;
			buildSettings = {
				ALWAYS_SEARCH_USER_PATHS = NO;
				ASSETCATALOG_COMPILER_GENERATE_SWIFT_ASSET_SYMBOL_EXTENSIONS = YES;
				CLANG_ANALYZER_NONNULL = YES;
				CLANG_ANALYZER_NUMBER_OBJECT_CONVERSION = YES_AGGRESSIVE;
				CLANG_CXX_LANGUAGE_STANDARD = "gnu++20";
				CLANG_ENABLE_MODULES = YES;
				CLANG_ENABLE_OBJC_ARC = YES;
				CLANG_ENABLE_OBJC_WEAK = YES;
				CLANG_WARN_BLOCK_CAPTURE_AUTORELEASING = YES;
				CLANG_WARN_BOOL_CONVERSION = YES;
				CLANG_WARN_COMMA = YES;
				CLANG_WARN_CONSTANT_CONVERSION = YES;
				CLANG_WARN_DEPRECATED_OBJC_IMPLEMENTATIONS = YES;
				CLANG_WARN_DIRECT_OBJC_ISA_USAGE = YES_ERROR;
				CLANG_WARN_DOCUMENTATION_COMMENTS = YES;
				CLANG_WARN_EMPTY_BODY = YES;
				CLANG_WARN_ENUM_CONVERSION = YES;
				CLANG_WARN_INFINITE_RECURSION = YES;
				CLANG_WARN_INT_CONVERSION = YES;
				CLANG_WARN_NON_LITERAL_NULL_CONVERSION = YES;
				CLANG_WARN_OBJC_IMPLICIT_RETAIN_SELF = YES;
				CLANG_WARN_OBJC_LITERAL_CONVERSION = YES;
				CLANG_WARN_OBJC_ROOT_CLASS = YES_ERROR;
				CLANG_WARN_QUOTED_INCLUDE_IN_FRAMEWORK_HEADER = YES;
				CLANG_WARN_RANGE_LOOP_ANALYSIS = YES;
				CLANG_WARN_STRICT_PROTOTYPES = YES;
				CLANG_WARN_SUSPICIOUS_MOVE = YES;
				CLANG_WARN_UNGUARDED_AVAILABILITY = YES_AGGRESSIVE;
				CLANG_WARN_UNREACHABLE_CODE = YES;
				CLANG_WARN__DUPLICATE_METHOD_MATCH = YES;
				COPY_PHASE_STRIP = NO;
				DEBUG_INFORMATION_FORMAT = dwarf;
				ENABLE_STRICT_OBJC_MSGSEND = YES;
				ENABLE_TESTABILITY = YES;
				ENABLE_USER_SCRIPT_SANDBOXING = YES;
				GCC_C_LANGUAGE_STANDARD = gnu17;
				GCC_DYNAMIC_NO_PIC = NO;
				GCC_NO_COMMON_BLOCKS = YES;
				GCC_OPTIMIZATION_LEVEL = 0;
				GCC_PREPROCESSOR_DEFINITIONS = (
					"DEBUG=1",
					"$(inherited)",
				);
				GCC_WARN_64_TO_32_BIT_CONVERSION = YES;
				GCC_WARN_ABOUT_RETURN_TYPE = YES_ERROR;
				GCC_WARN_UNDECLARED_SELECTOR = YES;
				GCC_WARN_UNINITIALIZED_AUTOS = YES_AGGRESSIVE;
				GCC_WARN_UNUSED_FUNCTION = YES;
				GCC_WARN_UNUSED_VARIABLE = YES;
				IPHONEOS_DEPLOYMENT_TARGET = 18.1;
				LOCALIZATION_PREFERS_STRING_CATALOGS = YES;
				MTL_ENABLE_DEBUG_INFO = INCLUDE_SOURCE;
				MTL_FAST_MATH = YES;
				ONLY_ACTIVE_ARCH = YES;
				SDKROOT = iphoneos;
				SWIFT_ACTIVE_COMPILATION_CONDITIONS = "DEBUG $(inherited)";
				SWIFT_OPTIMIZATION_LEVEL = "-Onone";
			};
			name = Debug;
		};
		DBC1EC172CEC2BCC00A8F972 /* Release */ = {
			isa = XCBuildConfiguration;
			buildSettings = {
				ALWAYS_SEARCH_USER_PATHS = NO;
				ASSETCATALOG_COMPILER_GENERATE_SWIFT_ASSET_SYMBOL_EXTENSIONS = YES;
				CLANG_ANALYZER_NONNULL = YES;
				CLANG_ANALYZER_NUMBER_OBJECT_CONVERSION = YES_AGGRESSIVE;
				CLANG_CXX_LANGUAGE_STANDARD = "gnu++20";
				CLANG_ENABLE_MODULES = YES;
				CLANG_ENABLE_OBJC_ARC = YES;
				CLANG_ENABLE_OBJC_WEAK = YES;
				CLANG_WARN_BLOCK_CAPTURE_AUTORELEASING = YES;
				CLANG_WARN_BOOL_CONVERSION = YES;
				CLANG_WARN_COMMA = YES;
				CLANG_WARN_CONSTANT_CONVERSION = YES;
				CLANG_WARN_DEPRECATED_OBJC_IMPLEMENTATIONS = YES;
				CLANG_WARN_DIRECT_OBJC_ISA_USAGE = YES_ERROR;
				CLANG_WARN_DOCUMENTATION_COMMENTS = YES;
				CLANG_WARN_EMPTY_BODY = YES;
				CLANG_WARN_ENUM_CONVERSION = YES;
				CLANG_WARN_INFINITE_RECURSION = YES;
				CLANG_WARN_INT_CONVERSION = YES;
				CLANG_WARN_NON_LITERAL_NULL_CONVERSION = YES;
				CLANG_WARN_OBJC_IMPLICIT_RETAIN_SELF = YES;
				CLANG_WARN_OBJC_LITERAL_CONVERSION = YES;
				CLANG_WARN_OBJC_ROOT_CLASS = YES_ERROR;
				CLANG_WARN_QUOTED_INCLUDE_IN_FRAMEWORK_HEADER = YES;
				CLANG_WARN_RANGE_LOOP_ANALYSIS = YES;
				CLANG_WARN_STRICT_PROTOTYPES = YES;
				CLANG_WARN_SUSPICIOUS_MOVE = YES;
				CLANG_WARN_UNGUARDED_AVAILABILITY = YES_AGGRESSIVE;
				CLANG_WARN_UNREACHABLE_CODE = YES;
				CLANG_WARN__DUPLICATE_METHOD_MATCH = YES;
				COPY_PHASE_STRIP = NO;
				DEBUG_INFORMATION_FORMAT = "dwarf-with-dsym";
				ENABLE_NS_ASSERTIONS = NO;
				ENABLE_STRICT_OBJC_MSGSEND = YES;
				ENABLE_USER_SCRIPT_SANDBOXING = YES;
				GCC_C_LANGUAGE_STANDARD = gnu17;
				GCC_NO_COMMON_BLOCKS = YES;
				GCC_WARN_64_TO_32_BIT_CONVERSION = YES;
				GCC_WARN_ABOUT_RETURN_TYPE = YES_ERROR;
				GCC_WARN_UNDECLARED_SELECTOR = YES;
				GCC_WARN_UNINITIALIZED_AUTOS = YES_AGGRESSIVE;
				GCC_WARN_UNUSED_FUNCTION = YES;
				GCC_WARN_UNUSED_VARIABLE = YES;
				IPHONEOS_DEPLOYMENT_TARGET = 18.1;
				LOCALIZATION_PREFERS_STRING_CATALOGS = YES;
				MTL_ENABLE_DEBUG_INFO = NO;
				MTL_FAST_MATH = YES;
				SDKROOT = iphoneos;
				SWIFT_COMPILATION_MODE = wholemodule;
				VALIDATE_PRODUCT = YES;
			};
			name = Release;
		};
		DBC1EC192CEC2BCC00A8F972 /* Debug */ = {
			isa = XCBuildConfiguration;
			buildSettings = {
				ASSETCATALOG_COMPILER_APPICON_NAME = AppIcon;
				ASSETCATALOG_COMPILER_GLOBAL_ACCENT_COLOR_NAME = AccentColor;
				CODE_SIGN_STYLE = Automatic;
				CURRENT_PROJECT_VERSION = 1;
				DEVELOPMENT_ASSET_PATHS = "\"matule/Preview Content\"";
				DEVELOPMENT_TEAM = 438T7YBU9N;
				ENABLE_PREVIEWS = YES;
				GENERATE_INFOPLIST_FILE = YES;
				INFOPLIST_FILE = matule/Resources/Info.plist;
				INFOPLIST_KEY_UIApplicationSceneManifest_Generation = YES;
				INFOPLIST_KEY_UIApplicationSupportsIndirectInputEvents = YES;
				INFOPLIST_KEY_UILaunchScreen_Generation = YES;
				INFOPLIST_KEY_UISupportedInterfaceOrientations_iPad = "UIInterfaceOrientationPortrait UIInterfaceOrientationPortraitUpsideDown UIInterfaceOrientationLandscapeLeft UIInterfaceOrientationLandscapeRight";
				INFOPLIST_KEY_UISupportedInterfaceOrientations_iPhone = "UIInterfaceOrientationPortrait UIInterfaceOrientationLandscapeLeft UIInterfaceOrientationLandscapeRight";
				LD_RUNPATH_SEARCH_PATHS = (
					"$(inherited)",
					"@executable_path/Frameworks",
				);
				MARKETING_VERSION = 1.0;
				PRODUCT_BUNDLE_IDENTIFIER = e.mikhaylov.matule;
				PRODUCT_NAME = "$(TARGET_NAME)";
				SWIFT_EMIT_LOC_STRINGS = YES;
				SWIFT_VERSION = 5.0;
				TARGETED_DEVICE_FAMILY = "1,2";
			};
			name = Debug;
		};
		DBC1EC1A2CEC2BCC00A8F972 /* Release */ = {
			isa = XCBuildConfiguration;
			buildSettings = {
				ASSETCATALOG_COMPILER_APPICON_NAME = AppIcon;
				ASSETCATALOG_COMPILER_GLOBAL_ACCENT_COLOR_NAME = AccentColor;
				CODE_SIGN_STYLE = Automatic;
				CURRENT_PROJECT_VERSION = 1;
				DEVELOPMENT_ASSET_PATHS = "\"matule/Preview Content\"";
				DEVELOPMENT_TEAM = 438T7YBU9N;
				ENABLE_PREVIEWS = YES;
				GENERATE_INFOPLIST_FILE = YES;
				INFOPLIST_FILE = matule/Resources/Info.plist;
				INFOPLIST_KEY_UIApplicationSceneManifest_Generation = YES;
				INFOPLIST_KEY_UIApplicationSupportsIndirectInputEvents = YES;
				INFOPLIST_KEY_UILaunchScreen_Generation = YES;
				INFOPLIST_KEY_UISupportedInterfaceOrientations_iPad = "UIInterfaceOrientationPortrait UIInterfaceOrientationPortraitUpsideDown UIInterfaceOrientationLandscapeLeft UIInterfaceOrientationLandscapeRight";
				INFOPLIST_KEY_UISupportedInterfaceOrientations_iPhone = "UIInterfaceOrientationPortrait UIInterfaceOrientationLandscapeLeft UIInterfaceOrientationLandscapeRight";
				LD_RUNPATH_SEARCH_PATHS = (
					"$(inherited)",
					"@executable_path/Frameworks",
				);
				MARKETING_VERSION = 1.0;
				PRODUCT_BUNDLE_IDENTIFIER = e.mikhaylov.matule;
				PRODUCT_NAME = "$(TARGET_NAME)";
				SWIFT_EMIT_LOC_STRINGS = YES;
				SWIFT_VERSION = 5.0;
				TARGETED_DEVICE_FAMILY = "1,2";
			};
			name = Release;
		};
		DBC1EC1C2CEC2BCC00A8F972 /* Debug */ = {
			isa = XCBuildConfiguration;
			buildSettings = {
				BUNDLE_LOADER = "$(TEST_HOST)";
				CODE_SIGN_STYLE = Automatic;
				CURRENT_PROJECT_VERSION = 1;
				DEVELOPMENT_TEAM = 438T7YBU9N;
				GENERATE_INFOPLIST_FILE = YES;
				IPHONEOS_DEPLOYMENT_TARGET = 18.1;
				MARKETING_VERSION = 1.0;
				PRODUCT_BUNDLE_IDENTIFIER = e.mikhaylov.matuleTests;
				PRODUCT_NAME = "$(TARGET_NAME)";
				SWIFT_EMIT_LOC_STRINGS = NO;
				SWIFT_VERSION = 5.0;
				TARGETED_DEVICE_FAMILY = "1,2";
				TEST_HOST = "$(BUILT_PRODUCTS_DIR)/matule.app/$(BUNDLE_EXECUTABLE_FOLDER_PATH)/matule";
			};
			name = Debug;
		};
		DBC1EC1D2CEC2BCC00A8F972 /* Release */ = {
			isa = XCBuildConfiguration;
			buildSettings = {
				BUNDLE_LOADER = "$(TEST_HOST)";
				CODE_SIGN_STYLE = Automatic;
				CURRENT_PROJECT_VERSION = 1;
				DEVELOPMENT_TEAM = 438T7YBU9N;
				GENERATE_INFOPLIST_FILE = YES;
				IPHONEOS_DEPLOYMENT_TARGET = 18.1;
				MARKETING_VERSION = 1.0;
				PRODUCT_BUNDLE_IDENTIFIER = e.mikhaylov.matuleTests;
				PRODUCT_NAME = "$(TARGET_NAME)";
				SWIFT_EMIT_LOC_STRINGS = NO;
				SWIFT_VERSION = 5.0;
				TARGETED_DEVICE_FAMILY = "1,2";
				TEST_HOST = "$(BUILT_PRODUCTS_DIR)/matule.app/$(BUNDLE_EXECUTABLE_FOLDER_PATH)/matule";
			};
			name = Release;
		};
		DBC1EC1F2CEC2BCC00A8F972 /* Debug */ = {
			isa = XCBuildConfiguration;
			buildSettings = {
				CODE_SIGN_STYLE = Automatic;
				CURRENT_PROJECT_VERSION = 1;
				DEVELOPMENT_TEAM = 438T7YBU9N;
				GENERATE_INFOPLIST_FILE = YES;
				MARKETING_VERSION = 1.0;
				PRODUCT_BUNDLE_IDENTIFIER = e.mikhaylov.matuleUITests;
				PRODUCT_NAME = "$(TARGET_NAME)";
				SWIFT_EMIT_LOC_STRINGS = NO;
				SWIFT_VERSION = 5.0;
				TARGETED_DEVICE_FAMILY = "1,2";
				TEST_TARGET_NAME = matule;
			};
			name = Debug;
		};
		DBC1EC202CEC2BCC00A8F972 /* Release */ = {
			isa = XCBuildConfiguration;
			buildSettings = {
				CODE_SIGN_STYLE = Automatic;
				CURRENT_PROJECT_VERSION = 1;
				DEVELOPMENT_TEAM = 438T7YBU9N;
				GENERATE_INFOPLIST_FILE = YES;
				MARKETING_VERSION = 1.0;
				PRODUCT_BUNDLE_IDENTIFIER = e.mikhaylov.matuleUITests;
				PRODUCT_NAME = "$(TARGET_NAME)";
				SWIFT_EMIT_LOC_STRINGS = NO;
				SWIFT_VERSION = 5.0;
				TARGETED_DEVICE_FAMILY = "1,2";
				TEST_TARGET_NAME = matule;
			};
			name = Release;
		};
/* End XCBuildConfiguration section */

/* Begin XCConfigurationList section */
		DBC1EBEF2CEC2BCB00A8F972 /* Build configuration list for PBXProject "matule" */ = {
			isa = XCConfigurationList;
			buildConfigurations = (
				DBC1EC162CEC2BCC00A8F972 /* Debug */,
				DBC1EC172CEC2BCC00A8F972 /* Release */,
			);
			defaultConfigurationIsVisible = 0;
			defaultConfigurationName = Release;
		};
		DBC1EC182CEC2BCC00A8F972 /* Build configuration list for PBXNativeTarget "matule" */ = {
			isa = XCConfigurationList;
			buildConfigurations = (
				DBC1EC192CEC2BCC00A8F972 /* Debug */,
				DBC1EC1A2CEC2BCC00A8F972 /* Release */,
			);
			defaultConfigurationIsVisible = 0;
			defaultConfigurationName = Release;
		};
		DBC1EC1B2CEC2BCC00A8F972 /* Build configuration list for PBXNativeTarget "matuleTests" */ = {
			isa = XCConfigurationList;
			buildConfigurations = (
				DBC1EC1C2CEC2BCC00A8F972 /* Debug */,
				DBC1EC1D2CEC2BCC00A8F972 /* Release */,
			);
			defaultConfigurationIsVisible = 0;
			defaultConfigurationName = Release;
		};
		DBC1EC1E2CEC2BCC00A8F972 /* Build configuration list for PBXNativeTarget "matuleUITests" */ = {
			isa = XCConfigurationList;
			buildConfigurations = (
				DBC1EC1F2CEC2BCC00A8F972 /* Debug */,
				DBC1EC202CEC2BCC00A8F972 /* Release */,
			);
			defaultConfigurationIsVisible = 0;
			defaultConfigurationName = Release;
		};
/* End XCConfigurationList section */
	};
	rootObject = DBC1EBEC2CEC2BCB00A8F972 /* Project object */;
}
